github.com/boltdb/bolt v1.3.1 h1:JQmyP4ZBrce+ZQu0dY660FMfatumYDLun9hBCUVIkF4=
github.com/boltdb/bolt v1.3.1/go.mod h1:clJnj/oiGkjum5o1McbSZDSLxVThjynRyGBgiAx27Ps=
github.com/carlescere/scheduler v0.0.0-20170109141437-ee74d2f83d82 h1:9bAydALqAjBfPHd/eAiJBHnMZUYov8m2PkXVr+YGQeI=
github.com/carlescere/scheduler v0.0.0-20170109141437-ee74d2f83d82/go.mod h1:tyA14J0sA3Hph4dt+AfCjPrYR13+vVodshQSM7km9qw=
golang.org/x/sys v0.4.0 h1:Zr2JFtRQNX3BCZ8YtxRE9hNJYC8J6I1MVbMg6owUp18=
golang.org/x/sys v0.4.0/go.mod h1:oPkhp1MJrh7nUepCBck5+mAzfO9JrbApNNgaTdGDITg=
gopkg.in/kyokomi/emoji.v1 v1.5.1 h1:beetH5mWDMzFznJ+Qzd5KVHp79YKhVUMcdO8LpRLeGw=
gopkg.in/kyokomi/emoji.v1 v1.5.1/go.mod h1:N9AZ6hi1jHOPn34PsbpufQZUcKftSD7WgS2pgpmH4Lg=
